# ray.lock — locked versions and hashes of the dependencies (generated by 'ray').
# Committed to the repository. Do not edit by hand.

[rpc]
url = "https://github.com/ray-language/rpc"
ref = "v0.1.2"
commit = "84098c01ec284eebf05418fc97b1c15540aff6bb"
hash = "sha256:1b4fc1381c92be81a2e04d0b42a311d2bf86f626a372f8167a67864008c3253f"
