# ray.lock — locked versions and hashes of the dependencies (generated by 'ray').
# Committed to the repository. Do not edit by hand.

[rpc]
url = "https://github.com/ray-language/rpc"
ref = "v0.1.0"
commit = "5d84b61491715531a8fcdce2832b91c105e3d900"
hash = "sha256:3d6e69ea71cf4e4a4930337e20bf41438e208f40d7e1edf4200348b17c1fe049"
